
Microsoft Visual Studio Solution File, Format Version 12.00
# Visual Studio Version 17
VisualStudioVersion = 17.0.32014.148
MinimumVisualStudioVersion = 10.0.40219.1
Project("{9A19103F-16F7-4668-BE54-9A1E7A4F7556}") = "autocjm", "autocjm.csproj", "{321A4F72-CE4B-4360-9506-7BD6CF3F14BB}"
EndProject
Project("{2150E333-8FDC-42A3-9474-1A3956D46DE8}") = "Solution Items", "Solution Items", "{5B74DCB8-143B-41A3-BE88-27D48F1CB12C}"
	ProjectSection(SolutionItems) = preProject
		.editorconfig = .editorconfig
	EndProjectSection
EndProject
Global
	GlobalSection(SolutionConfigurationPlatforms) = preSolution
		Debug|Any CPU = Debug|Any CPU
		Release|Any CPU = Release|Any CPU
	EndGlobalSection
	GlobalSection(ProjectConfigurationPlatforms) = postSolution
		{321A4F72-CE4B-4360-9506-7BD6CF3F14BB}.Debug|Any CPU.ActiveCfg = Debug|Any CPU
		{321A4F72-CE4B-4360-9506-7BD6CF3F14BB}.Debug|Any CPU.Build.0 = Debug|Any CPU
		{321A4F72-CE4B-4360-9506-7BD6CF3F14BB}.Release|Any CPU.ActiveCfg = Release|Any CPU
		{321A4F72-CE4B-4360-9506-7BD6CF3F14BB}.Release|Any CPU.Build.0 = Release|Any CPU
	EndGlobalSection
	GlobalSection(SolutionProperties) = preSolution
		HideSolutionNode = FALSE
	EndGlobalSection
	GlobalSection(ExtensibilityGlobals) = postSolution
		SolutionGuid = {54BBDF28-3145-4178-9B5F-B42E57B2BEDA}
	EndGlobalSection
EndGlobal
